// !$*UTF8*$!
{
	archiveVersion = 1;
	classes = {
	};
	objectVersion = 56;
	objects = {

/* Begin PBXBuildFile section */
		EC79DF76299154150089DF03 /* AppDelegate.swift in Sources */ = {isa = PBXBuildFile; fileRef = EC79DF75299154150089DF03 /* AppDelegate.swift */; };
		EC79DF78299154150089DF03 /* SceneDelegate.swift in Sources */ = {isa = PBXBuildFile; fileRef = EC79DF77299154150089DF03 /* SceneDelegate.swift */; };
		EC79DF7A299154150089DF03 /* MainTabBarController.swift in Sources */ = {isa = PBXBuildFile; fileRef = EC79DF79299154150089DF03 /* MainTabBarController.swift */; };
		EC79DF7F299154170089DF03 /* Assets.xcassets in Resources */ = {isa = PBXBuildFile; fileRef = EC79DF7E299154170089DF03 /* Assets.xcassets */; };
		EC79DF82299154170089DF03 /* LaunchScreen.storyboard in Resources */ = {isa = PBXBuildFile; fileRef = EC79DF80299154170089DF03 /* LaunchScreen.storyboard */; };
		EC79DF94299167050089DF03 /* HomeViewController.swift in Sources */ = {isa = PBXBuildFile; fileRef = EC79DF93299167050089DF03 /* HomeViewController.swift */; };
		EC79DF962991671E0089DF03 /* UpcomingViewController.swift in Sources */ = {isa = PBXBuildFile; fileRef = EC79DF952991671E0089DF03 /* UpcomingViewController.swift */; };
		EC79DF98299167300089DF03 /* SearchViewController.swift in Sources */ = {isa = PBXBuildFile; fileRef = EC79DF97299167300089DF03 /* SearchViewController.swift */; };
		EC79DF9A299167510089DF03 /* DownloadViewController.swift in Sources */ = {isa = PBXBuildFile; fileRef = EC79DF99299167510089DF03 /* DownloadViewController.swift */; };
		EC79DF9D2991AA800089DF03 /* SnapKit in Frameworks */ = {isa = PBXBuildFile; productRef = EC79DF9C2991AA800089DF03 /* SnapKit */; };
		EC79DFA02991B3270089DF03 /* CollectionViewTableViewCell.swift in Sources */ = {isa = PBXBuildFile; fileRef = EC79DF9F2991B3270089DF03 /* CollectionViewTableViewCell.swift */; };
		EC79DFA2299245D40089DF03 /* CGFloat+Extension.swift in Sources */ = {isa = PBXBuildFile; fileRef = EC79DFA1299245D40089DF03 /* CGFloat+Extension.swift */; };
		EC79DFA4299258260089DF03 /* MovieCollectionViewCell.swift in Sources */ = {isa = PBXBuildFile; fileRef = EC79DFA3299258260089DF03 /* MovieCollectionViewCell.swift */; };
		EC79DFA7299266260089DF03 /* MainHeroHeaderView.swift in Sources */ = {isa = PBXBuildFile; fileRef = EC79DFA6299266260089DF03 /* MainHeroHeaderView.swift */; };
/* End PBXBuildFile section */

/* Begin PBXFileReference section */
		EC79DF72299154150089DF03 /* NetflixApp-MVMM.app */ = {isa = PBXFileReference; explicitFileType = wrapper.application; includeInIndex = 0; path = "NetflixApp-MVMM.app"; sourceTree = BUILT_PRODUCTS_DIR; };
		EC79DF75299154150089DF03 /* AppDelegate.swift */ = {isa = PBXFileReference; lastKnownFileType = sourcecode.swift; path = AppDelegate.swift; sourceTree = "<group>"; };
		EC79DF77299154150089DF03 /* SceneDelegate.swift */ = {isa = PBXFileReference; lastKnownFileType = sourcecode.swift; path = SceneDelegate.swift; sourceTree = "<group>"; };
		EC79DF79299154150089DF03 /* MainTabBarController.swift */ = {isa = PBXFileReference; lastKnownFileType = sourcecode.swift; path = MainTabBarController.swift; sourceTree = "<group>"; };
		EC79DF7E299154170089DF03 /* Assets.xcassets */ = {isa = PBXFileReference; lastKnownFileType = folder.assetcatalog; path = Assets.xcassets; sourceTree = "<group>"; };
		EC79DF81299154170089DF03 /* Base */ = {isa = PBXFileReference; lastKnownFileType = file.storyboard; name = Base; path = Base.lproj/LaunchScreen.storyboard; sourceTree = "<group>"; };
		EC79DF83299154170089DF03 /* Info.plist */ = {isa = PBXFileReference; lastKnownFileType = text.plist.xml; path = Info.plist; sourceTree = "<group>"; };
		EC79DF93299167050089DF03 /* HomeViewController.swift */ = {isa = PBXFileReference; lastKnownFileType = sourcecode.swift; path = HomeViewController.swift; sourceTree = "<group>"; };
		EC79DF952991671E0089DF03 /* UpcomingViewController.swift */ = {isa = PBXFileReference; lastKnownFileType = sourcecode.swift; path = UpcomingViewController.swift; sourceTree = "<group>"; };
		EC79DF97299167300089DF03 /* SearchViewController.swift */ = {isa = PBXFileReference; lastKnownFileType = sourcecode.swift; path = SearchViewController.swift; sourceTree = "<group>"; };
		EC79DF99299167510089DF03 /* DownloadViewController.swift */ = {isa = PBXFileReference; lastKnownFileType = sourcecode.swift; path = DownloadViewController.swift; sourceTree = "<group>"; };
		EC79DF9F2991B3270089DF03 /* CollectionViewTableViewCell.swift */ = {isa = PBXFileReference; lastKnownFileType = sourcecode.swift; path = CollectionViewTableViewCell.swift; sourceTree = "<group>"; };
		EC79DFA1299245D40089DF03 /* CGFloat+Extension.swift */ = {isa = PBXFileReference; lastKnownFileType = sourcecode.swift; path = "CGFloat+Extension.swift"; sourceTree = "<group>"; };
		EC79DFA3299258260089DF03 /* MovieCollectionViewCell.swift */ = {isa = PBXFileReference; lastKnownFileType = sourcecode.swift; path = MovieCollectionViewCell.swift; sourceTree = "<group>"; };
		EC79DFA6299266260089DF03 /* MainHeroHeaderView.swift */ = {isa = PBXFileReference; lastKnownFileType = sourcecode.swift; path = MainHeroHeaderView.swift; sourceTree = "<group>"; };
/* End PBXFileReference section */

/* Begin PBXFrameworksBuildPhase section */
		EC79DF6F299154150089DF03 /* Frameworks */ = {
			isa = PBXFrameworksBuildPhase;
			buildActionMask = 2147483647;
			files = (
				EC79DF9D2991AA800089DF03 /* SnapKit in Frameworks */,
			);
			runOnlyForDeploymentPostprocessing = 0;
		};
/* End PBXFrameworksBuildPhase section */

/* Begin PBXGroup section */
		EC79DF69299154150089DF03 = {
			isa = PBXGroup;
			children = (
				EC79DF74299154150089DF03 /* NetflixApp-MVMM */,
				EC79DF73299154150089DF03 /* Products */,
			);
			sourceTree = "<group>";
		};
		EC79DF73299154150089DF03 /* Products */ = {
			isa = PBXGroup;
			children = (
				EC79DF72299154150089DF03 /* NetflixApp-MVMM.app */,
			);
			name = Products;
			sourceTree = "<group>";
		};
		EC79DF74299154150089DF03 /* NetflixApp-MVMM */ = {
			isa = PBXGroup;
			children = (
				EC79DF8E299165EE0089DF03 /* Scene */,
				EC79DF8D299165850089DF03 /* Extension */,
				EC79DF8C2991657E0089DF03 /* Model */,
				EC79DF8B2991656C0089DF03 /* Service */,
				EC79DF8A299165650089DF03 /* Manager */,
				EC79DF892991655B0089DF03 /* Support */,
			);
			path = "NetflixApp-MVMM";
			sourceTree = "<group>";
		};
		EC79DF892991655B0089DF03 /* Support */ = {
			isa = PBXGroup;
			children = (
				EC79DF75299154150089DF03 /* AppDelegate.swift */,
				EC79DF77299154150089DF03 /* SceneDelegate.swift */,
				EC79DF80299154170089DF03 /* LaunchScreen.storyboard */,
				EC79DF83299154170089DF03 /* Info.plist */,
				EC79DF7E299154170089DF03 /* Assets.xcassets */,
			);
			path = Support;
			sourceTree = "<group>";
		};
		EC79DF8A299165650089DF03 /* Manager */ = {
			isa = PBXGroup;
			children = (
			);
			path = Manager;
			sourceTree = "<group>";
		};
		EC79DF8B2991656C0089DF03 /* Service */ = {
			isa = PBXGroup;
			children = (
			);
			path = Service;
			sourceTree = "<group>";
		};
		EC79DF8C2991657E0089DF03 /* Model */ = {
			isa = PBXGroup;
			children = (
			);
			path = Model;
			sourceTree = "<group>";
		};
		EC79DF8D299165850089DF03 /* Extension */ = {
			isa = PBXGroup;
			children = (
				EC79DFA1299245D40089DF03 /* CGFloat+Extension.swift */,
			);
			path = Extension;
			sourceTree = "<group>";
		};
		EC79DF8E299165EE0089DF03 /* Scene */ = {
			isa = PBXGroup;
			children = (
				EC79DF79299154150089DF03 /* MainTabBarController.swift */,
				EC79DF92299166D70089DF03 /* DownloadVC */,
				EC79DF91299166CF0089DF03 /* SearchVC */,
				EC79DF90299166C40089DF03 /* UpComingVC */,
				EC79DF8F299166BA0089DF03 /* HomeVC */,
			);
			path = Scene;
			sourceTree = "<group>";
		};
		EC79DF8F299166BA0089DF03 /* HomeVC */ = {
			isa = PBXGroup;
			children = (
				EC79DFA5299266030089DF03 /* Views */,
				EC79DF9E2991B2E50089DF03 /* Cell */,
				EC79DF93299167050089DF03 /* HomeViewController.swift */,
			);
			path = HomeVC;
			sourceTree = "<group>";
		};
		EC79DF90299166C40089DF03 /* UpComingVC */ = {
			isa = PBXGroup;
			children = (
				EC79DF952991671E0089DF03 /* UpcomingViewController.swift */,
			);
			path = UpComingVC;
			sourceTree = "<group>";
		};
		EC79DF91299166CF0089DF03 /* SearchVC */ = {
			isa = PBXGroup;
			children = (
				EC79DF97299167300089DF03 /* SearchViewController.swift */,
			);
			path = SearchVC;
			sourceTree = "<group>";
		};
		EC79DF92299166D70089DF03 /* DownloadVC */ = {
			isa = PBXGroup;
			children = (
				EC79DF99299167510089DF03 /* DownloadViewController.swift */,
			);
			path = DownloadVC;
			sourceTree = "<group>";
		};
		EC79DF9E2991B2E50089DF03 /* Cell */ = {
			isa = PBXGroup;
			children = (
				EC79DF9F2991B3270089DF03 /* CollectionViewTableViewCell.swift */,
				EC79DFA3299258260089DF03 /* MovieCollectionViewCell.swift */,
			);
			path = Cell;
			sourceTree = "<group>";
		};
		EC79DFA5299266030089DF03 /* Views */ = {
			isa = PBXGroup;
			children = (
				EC79DFA6299266260089DF03 /* MainHeroHeaderView.swift */,
			);
			path = Views;
			sourceTree = "<group>";
		};
/* End PBXGroup section */

/* Begin PBXNativeTarget section */
		EC79DF71299154150089DF03 /* NetflixApp-MVMM */ = {
			isa = PBXNativeTarget;
			buildConfigurationList = EC79DF86299154170089DF03 /* Build configuration list for PBXNativeTarget "NetflixApp-MVMM" */;
			buildPhases = (
				EC79DF6E299154150089DF03 /* Sources */,
				EC79DF6F299154150089DF03 /* Frameworks */,
				EC79DF70299154150089DF03 /* Resources */,
			);
			buildRules = (
			);
			dependencies = (
			);
			name = "NetflixApp-MVMM";
			packageProductDependencies = (
				EC79DF9C2991AA800089DF03 /* SnapKit */,
			);
			productName = "NetflixApp-MVMM";
			productReference = EC79DF72299154150089DF03 /* NetflixApp-MVMM.app */;
			productType = "com.apple.product-type.application";
		};
/* End PBXNativeTarget section */

/* Begin PBXProject section */
		EC79DF6A299154150089DF03 /* Project object */ = {
			isa = PBXProject;
			attributes = {
				BuildIndependentTargetsInParallel = 1;
				LastSwiftUpdateCheck = 1410;
				LastUpgradeCheck = 1410;
				TargetAttributes = {
					EC79DF71299154150089DF03 = {
						CreatedOnToolsVersion = 14.1;
					};
				};
			};
			buildConfigurationList = EC79DF6D299154150089DF03 /* Build configuration list for PBXProject "NetflixApp-MVMM" */;
			compatibilityVersion = "Xcode 14.0";
			developmentRegion = en;
			hasScannedForEncodings = 0;
			knownRegions = (
				en,
				Base,
			);
			mainGroup = EC79DF69299154150089DF03;
			packageReferences = (
				EC79DF9B2991AA800089DF03 /* XCRemoteSwiftPackageReference "SnapKit" */,
			);
			productRefGroup = EC79DF73299154150089DF03 /* Products */;
			projectDirPath = "";
			projectRoot = "";
			targets = (
				EC79DF71299154150089DF03 /* NetflixApp-MVMM */,
			);
		};
/* End PBXProject section */

/* Begin PBXResourcesBuildPhase section */
		EC79DF70299154150089DF03 /* Resources */ = {
			isa = PBXResourcesBuildPhase;
			buildActionMask = 2147483647;
			files = (
				EC79DF82299154170089DF03 /* LaunchScreen.storyboard in Resources */,
				EC79DF7F299154170089DF03 /* Assets.xcassets in Resources */,
			);
			runOnlyForDeploymentPostprocessing = 0;
		};
/* End PBXResourcesBuildPhase section */

/* Begin PBXSourcesBuildPhase section */
		EC79DF6E299154150089DF03 /* Sources */ = {
			isa = PBXSourcesBuildPhase;
			buildActionMask = 2147483647;
			files = (
				EC79DF98299167300089DF03 /* SearchViewController.swift in Sources */,
				EC79DF7A299154150089DF03 /* MainTabBarController.swift in Sources */,
				EC79DFA02991B3270089DF03 /* CollectionViewTableViewCell.swift in Sources */,
				EC79DF76299154150089DF03 /* AppDelegate.swift in Sources */,
				EC79DF9A299167510089DF03 /* DownloadViewController.swift in Sources */,
				EC79DFA2299245D40089DF03 /* CGFloat+Extension.swift in Sources */,
				EC79DF78299154150089DF03 /* SceneDelegate.swift in Sources */,
				EC79DFA7299266260089DF03 /* MainHeroHeaderView.swift in Sources */,
				EC79DFA4299258260089DF03 /* MovieCollectionViewCell.swift in Sources */,
				EC79DF962991671E0089DF03 /* UpcomingViewController.swift in Sources */,
				EC79DF94299167050089DF03 /* HomeViewController.swift in Sources */,
			);
			runOnlyForDeploymentPostprocessing = 0;
		};
/* End PBXSourcesBuildPhase section */

/* Begin PBXVariantGroup section */
		EC79DF80299154170089DF03 /* LaunchScreen.storyboard */ = {
			isa = PBXVariantGroup;
			children = (
				EC79DF81299154170089DF03 /* Base */,
			);
			name = LaunchScreen.storyboard;
			sourceTree = "<group>";
		};
/* End PBXVariantGroup section */

/* Begin XCBuildConfiguration section */
		EC79DF84299154170089DF03 /* Debug */ = {
			isa = XCBuildConfiguration;
			buildSettings = {
				ALWAYS_SEARCH_USER_PATHS = NO;
				CLANG_ANALYZER_NONNULL = YES;
				CLANG_ANALYZER_NUMBER_OBJECT_CONVERSION = YES_AGGRESSIVE;
				CLANG_CXX_LANGUAGE_STANDARD = "gnu++20";
				CLANG_ENABLE_MODULES = YES;
				CLANG_ENABLE_OBJC_ARC = YES;
				CLANG_ENABLE_OBJC_WEAK = YES;
				CLANG_WARN_BLOCK_CAPTURE_AUTORELEASING = YES;
				CLANG_WARN_BOOL_CONVERSION = YES;
				CLANG_WARN_COMMA = YES;
				CLANG_WARN_CONSTANT_CONVERSION = YES;
				CLANG_WARN_DEPRECATED_OBJC_IMPLEMENTATIONS = YES;
				CLANG_WARN_DIRECT_OBJC_ISA_USAGE = YES_ERROR;
				CLANG_WARN_DOCUMENTATION_COMMENTS = YES;
				CLANG_WARN_EMPTY_BODY = YES;
				CLANG_WARN_ENUM_CONVERSION = YES;
				CLANG_WARN_INFINITE_RECURSION = YES;
				CLANG_WARN_INT_CONVERSION = YES;
				CLANG_WARN_NON_LITERAL_NULL_CONVERSION = YES;
				CLANG_WARN_OBJC_IMPLICIT_RETAIN_SELF = YES;
				CLANG_WARN_OBJC_LITERAL_CONVERSION = YES;
				CLANG_WARN_OBJC_ROOT_CLASS = YES_ERROR;
				CLANG_WARN_QUOTED_INCLUDE_IN_FRAMEWORK_HEADER = YES;
				CLANG_WARN_RANGE_LOOP_ANALYSIS = YES;
				CLANG_WARN_STRICT_PROTOTYPES = YES;
				CLANG_WARN_SUSPICIOUS_MOVE = YES;
				CLANG_WARN_UNGUARDED_AVAILABILITY = YES_AGGRESSIVE;
				CLANG_WARN_UNREACHABLE_CODE = YES;
				CLANG_WARN__DUPLICATE_METHOD_MATCH = YES;
				COPY_PHASE_STRIP = NO;
				DEBUG_INFORMATION_FORMAT = dwarf;
				ENABLE_STRICT_OBJC_MSGSEND = YES;
				ENABLE_TESTABILITY = YES;
				GCC_C_LANGUAGE_STANDARD = gnu11;
				GCC_DYNAMIC_NO_PIC = NO;
				GCC_NO_COMMON_BLOCKS = YES;
				GCC_OPTIMIZATION_LEVEL = 0;
				GCC_PREPROCESSOR_DEFINITIONS = (
					"DEBUG=1",
					"$(inherited)",
				);
				GCC_WARN_64_TO_32_BIT_CONVERSION = YES;
				GCC_WARN_ABOUT_RETURN_TYPE = YES_ERROR;
				GCC_WARN_UNDECLARED_SELECTOR = YES;
				GCC_WARN_UNINITIALIZED_AUTOS = YES_AGGRESSIVE;
				GCC_WARN_UNUSED_FUNCTION = YES;
				GCC_WARN_UNUSED_VARIABLE = YES;
				IPHONEOS_DEPLOYMENT_TARGET = 16.1;
				MTL_ENABLE_DEBUG_INFO = INCLUDE_SOURCE;
				MTL_FAST_MATH = YES;
				ONLY_ACTIVE_ARCH = YES;
				SDKROOT = iphoneos;
				SWIFT_ACTIVE_COMPILATION_CONDITIONS = DEBUG;
				SWIFT_OPTIMIZATION_LEVEL = "-Onone";
			};
			name = Debug;
		};
		EC79DF85299154170089DF03 /* Release */ = {
			isa = XCBuildConfiguration;
			buildSettings = {
				ALWAYS_SEARCH_USER_PATHS = NO;
				CLANG_ANALYZER_NONNULL = YES;
				CLANG_ANALYZER_NUMBER_OBJECT_CONVERSION = YES_AGGRESSIVE;
				CLANG_CXX_LANGUAGE_STANDARD = "gnu++20";
				CLANG_ENABLE_MODULES = YES;
				CLANG_ENABLE_OBJC_ARC = YES;
				CLANG_ENABLE_OBJC_WEAK = YES;
				CLANG_WARN_BLOCK_CAPTURE_AUTORELEASING = YES;
				CLANG_WARN_BOOL_CONVERSION = YES;
				CLANG_WARN_COMMA = YES;
				CLANG_WARN_CONSTANT_CONVERSION = YES;
				CLANG_WARN_DEPRECATED_OBJC_IMPLEMENTATIONS = YES;
				CLANG_WARN_DIRECT_OBJC_ISA_USAGE = YES_ERROR;
				CLANG_WARN_DOCUMENTATION_COMMENTS = YES;
				CLANG_WARN_EMPTY_BODY = YES;
				CLANG_WARN_ENUM_CONVERSION = YES;
				CLANG_WARN_INFINITE_RECURSION = YES;
				CLANG_WARN_INT_CONVERSION = YES;
				CLANG_WARN_NON_LITERAL_NULL_CONVERSION = YES;
				CLANG_WARN_OBJC_IMPLICIT_RETAIN_SELF = YES;
				CLANG_WARN_OBJC_LITERAL_CONVERSION = YES;
				CLANG_WARN_OBJC_ROOT_CLASS = YES_ERROR;
				CLANG_WARN_QUOTED_INCLUDE_IN_FRAMEWORK_HEADER = YES;
				CLANG_WARN_RANGE_LOOP_ANALYSIS = YES;
				CLANG_WARN_STRICT_PROTOTYPES = YES;
				CLANG_WARN_SUSPICIOUS_MOVE = YES;
				CLANG_WARN_UNGUARDED_AVAILABILITY = YES_AGGRESSIVE;
				CLANG_WARN_UNREACHABLE_CODE = YES;
				CLANG_WARN__DUPLICATE_METHOD_MATCH = YES;
				COPY_PHASE_STRIP = NO;
				DEBUG_INFORMATION_FORMAT = "dwarf-with-dsym";
				ENABLE_NS_ASSERTIONS = NO;
				ENABLE_STRICT_OBJC_MSGSEND = YES;
				GCC_C_LANGUAGE_STANDARD = gnu11;
				GCC_NO_COMMON_BLOCKS = YES;
				GCC_WARN_64_TO_32_BIT_CONVERSION = YES;
				GCC_WARN_ABOUT_RETURN_TYPE = YES_ERROR;
				GCC_WARN_UNDECLARED_SELECTOR = YES;
				GCC_WARN_UNINITIALIZED_AUTOS = YES_AGGRESSIVE;
				GCC_WARN_UNUSED_FUNCTION = YES;
				GCC_WARN_UNUSED_VARIABLE = YES;
				IPHONEOS_DEPLOYMENT_TARGET = 16.1;
				MTL_ENABLE_DEBUG_INFO = NO;
				MTL_FAST_MATH = YES;
				SDKROOT = iphoneos;
				SWIFT_COMPILATION_MODE = wholemodule;
				SWIFT_OPTIMIZATION_LEVEL = "-O";
				VALIDATE_PRODUCT = YES;
			};
			name = Release;
		};
		EC79DF87299154170089DF03 /* Debug */ = {
			isa = XCBuildConfiguration;
			buildSettings = {
				ASSETCATALOG_COMPILER_APPICON_NAME = AppIcon;
				ASSETCATALOG_COMPILER_GLOBAL_ACCENT_COLOR_NAME = AccentColor;
				CODE_SIGN_STYLE = Automatic;
				CURRENT_PROJECT_VERSION = 1;
				DEVELOPMENT_TEAM = 3KRQW7JR73;
				GENERATE_INFOPLIST_FILE = YES;
				INFOPLIST_FILE = "NetflixApp-MVMM/Support/Info.plist";
				INFOPLIST_KEY_UIApplicationSupportsIndirectInputEvents = YES;
				INFOPLIST_KEY_UILaunchStoryboardName = LaunchScreen;
				INFOPLIST_KEY_UISupportedInterfaceOrientations_iPad = "UIInterfaceOrientationPortrait UIInterfaceOrientationPortraitUpsideDown UIInterfaceOrientationLandscapeLeft UIInterfaceOrientationLandscapeRight";
				INFOPLIST_KEY_UISupportedInterfaceOrientations_iPhone = "UIInterfaceOrientationPortrait UIInterfaceOrientationLandscapeLeft UIInterfaceOrientationLandscapeRight";
				LD_RUNPATH_SEARCH_PATHS = (
					"$(inherited)",
					"@executable_path/Frameworks",
				);
				MARKETING_VERSION = 1.0;
				PRODUCT_BUNDLE_IDENTIFIER = "enes.NetflixApp-MVMM";
				PRODUCT_NAME = "$(TARGET_NAME)";
				SWIFT_EMIT_LOC_STRINGS = YES;
				SWIFT_VERSION = 5.0;
				TARGETED_DEVICE_FAMILY = "1,2";
			};
			name = Debug;
		};
		EC79DF88299154170089DF03 /* Release */ = {
			isa = XCBuildConfiguration;
			buildSettings = {
				ASSETCATALOG_COMPILER_APPICON_NAME = AppIcon;
				ASSETCATALOG_COMPILER_GLOBAL_ACCENT_COLOR_NAME = AccentColor;
				CODE_SIGN_STYLE = Automatic;
				CURRENT_PROJECT_VERSION = 1;
				DEVELOPMENT_TEAM = 3KRQW7JR73;
				GENERATE_INFOPLIST_FILE = YES;
				INFOPLIST_FILE = "NetflixApp-MVMM/Support/Info.plist";
				INFOPLIST_KEY_UIApplicationSupportsIndirectInputEvents = YES;
				INFOPLIST_KEY_UILaunchStoryboardName = LaunchScreen;
				INFOPLIST_KEY_UISupportedInterfaceOrientations_iPad = "UIInterfaceOrientationPortrait UIInterfaceOrientationPortraitUpsideDown UIInterfaceOrientationLandscapeLeft UIInterfaceOrientationLandscapeRight";
				INFOPLIST_KEY_UISupportedInterfaceOrientations_iPhone = "UIInterfaceOrientationPortrait UIInterfaceOrientationLandscapeLeft UIInterfaceOrientationLandscapeRight";
				LD_RUNPATH_SEARCH_PATHS = (
					"$(inherited)",
					"@executable_path/Frameworks",
				);
				MARKETING_VERSION = 1.0;
				PRODUCT_BUNDLE_IDENTIFIER = "enes.NetflixApp-MVMM";
				PRODUCT_NAME = "$(TARGET_NAME)";
				SWIFT_EMIT_LOC_STRINGS = YES;
				SWIFT_VERSION = 5.0;
				TARGETED_DEVICE_FAMILY = "1,2";
			};
			name = Release;
		};
/* End XCBuildConfiguration section */

/* Begin XCConfigurationList section */
		EC79DF6D299154150089DF03 /* Build configuration list for PBXProject "NetflixApp-MVMM" */ = {
			isa = XCConfigurationList;
			buildConfigurations = (
				EC79DF84299154170089DF03 /* Debug */,
				EC79DF85299154170089DF03 /* Release */,
			);
			defaultConfigurationIsVisible = 0;
			defaultConfigurationName = Release;
		};
		EC79DF86299154170089DF03 /* Build configuration list for PBXNativeTarget "NetflixApp-MVMM" */ = {
			isa = XCConfigurationList;
			buildConfigurations = (
				EC79DF87299154170089DF03 /* Debug */,
				EC79DF88299154170089DF03 /* Release */,
			);
			defaultConfigurationIsVisible = 0;
			defaultConfigurationName = Release;
		};
/* End XCConfigurationList section */

/* Begin XCRemoteSwiftPackageReference section */
		EC79DF9B2991AA800089DF03 /* XCRemoteSwiftPackageReference "SnapKit" */ = {
			isa = XCRemoteSwiftPackageReference;
			repositoryURL = "https://github.com/SnapKit/SnapKit.git";
			requirement = {
				kind = upToNextMajorVersion;
				minimumVersion = 5.0.0;
			};
		};
/* End XCRemoteSwiftPackageReference section */

/* Begin XCSwiftPackageProductDependency section */
		EC79DF9C2991AA800089DF03 /* SnapKit */ = {
			isa = XCSwiftPackageProductDependency;
			package = EC79DF9B2991AA800089DF03 /* XCRemoteSwiftPackageReference "SnapKit" */;
			productName = SnapKit;
		};
/* End XCSwiftPackageProductDependency section */
	};
	rootObject = EC79DF6A299154150089DF03 /* Project object */;
}
